
Microsoft Visual Studio Solution File, Format Version 12.00
# Visual Studio Version 16
VisualStudioVersion = 16.0.33529.622
MinimumVisualStudioVersion = 10.0.40219.1
Project("{8BC9CEB8-8B4A-11D0-8D11-00A0C91BC942}") = "RADRunner", "RADRunner.vcxproj", "{510F2CBF-43B0-48B1-BFB9-35C2F79D19F6}"
EndProject
Project("{8BC9CEB8-8B4A-11D0-8D11-00A0C91BC942}") = "StdFuncs", "..\StdFuncs\StdFuncs.vcxproj", "{CC6C37F2-5803-4C25-9BF1-651E54E53DEE}"
EndProject
Global
	GlobalSection(SolutionConfigurationPlatforms) = preSolution
		Debug|x64 = Debug|x64
		Debug|x86 = Debug|x86
		Release|x64 = Release|x64
		Release|x86 = Release|x86
	EndGlobalSection
	GlobalSection(ProjectConfigurationPlatforms) = postSolution
		{510F2CBF-43B0-48B1-BFB9-35C2F79D19F6}.Debug|x64.ActiveCfg = Debug|x64
		{510F2CBF-43B0-48B1-BFB9-35C2F79D19F6}.Debug|x64.Build.0 = Debug|x64
		{510F2CBF-43B0-48B1-BFB9-35C2F79D19F6}.Debug|x86.ActiveCfg = Debug|Win32
		{510F2CBF-43B0-48B1-BFB9-35C2F79D19F6}.Debug|x86.Build.0 = Debug|Win32
		{510F2CBF-43B0-48B1-BFB9-35C2F79D19F6}.Release|x64.ActiveCfg = Release|x64
		{510F2CBF-43B0-48B1-BFB9-35C2F79D19F6}.Release|x64.Build.0 = Release|x64
		{510F2CBF-43B0-48B1-BFB9-35C2F79D19F6}.Release|x86.ActiveCfg = Release|Win32
		{510F2CBF-43B0-48B1-BFB9-35C2F79D19F6}.Release|x86.Build.0 = Release|Win32
		{CC6C37F2-5803-4C25-9BF1-651E54E53DEE}.Debug|x64.ActiveCfg = Debug|x64
		{CC6C37F2-5803-4C25-9BF1-651E54E53DEE}.Debug|x64.Build.0 = Debug|x64
		{CC6C37F2-5803-4C25-9BF1-651E54E53DEE}.Debug|x86.ActiveCfg = Debug|Win32
		{CC6C37F2-5803-4C25-9BF1-651E54E53DEE}.Debug|x86.Build.0 = Debug|Win32
		{CC6C37F2-5803-4C25-9BF1-651E54E53DEE}.Release|x64.ActiveCfg = Release|x64
		{CC6C37F2-5803-4C25-9BF1-651E54E53DEE}.Release|x64.Build.0 = Release|x64
		{CC6C37F2-5803-4C25-9BF1-651E54E53DEE}.Release|x86.ActiveCfg = Release|Win32
		{CC6C37F2-5803-4C25-9BF1-651E54E53DEE}.Release|x86.Build.0 = Release|Win32
	EndGlobalSection
	GlobalSection(SolutionProperties) = preSolution
		HideSolutionNode = FALSE
	EndGlobalSection
	GlobalSection(ExtensibilityGlobals) = postSolution
		SolutionGuid = {E0E0989B-68B7-4CD5-AE71-E4282DEC12B0}
	EndGlobalSection
EndGlobal
